// !$*UTF8*$!
{
	archiveVersion = 1;
	classes = {
	};
	objectVersion = 46;
	objects = {

/* Begin PBXBuildFile section */
		D673F18E1ED57AC200FB9EE0 /* main.m in Sources */ = {isa = PBXBuildFile; fileRef = D673F18D1ED57AC200FB9EE0 /* main.m */; };
		D673F1911ED57AC200FB9EE0 /* AppDelegate.m in Sources */ = {isa = PBXBuildFile; fileRef = D673F1901ED57AC200FB9EE0 /* AppDelegate.m */; };
		D673F1941ED57AC200FB9EE0 /* ViewController.m in Sources */ = {isa = PBXBuildFile; fileRef = D673F1931ED57AC200FB9EE0 /* ViewController.m */; };
		D673F1971ED57AC200FB9EE0 /* Main.storyboard in Resources */ = {isa = PBXBuildFile; fileRef = D673F1951ED57AC200FB9EE0 /* Main.storyboard */; };
		D673F19C1ED57AC200FB9EE0 /* LaunchScreen.storyboard in Resources */ = {isa = PBXBuildFile; fileRef = D673F19A1ED57AC200FB9EE0 /* LaunchScreen.storyboard */; };
		D673F1A51ED57B1100FB9EE0 /* UIImage+Category.m in Sources */ = {isa = PBXBuildFile; fileRef = D673F1A41ED57B1100FB9EE0 /* UIImage+Category.m */; };
		D673F1A71ED5875A00FB9EE0 /* DaHuoGui.json in Resources */ = {isa = PBXBuildFile; fileRef = D673F1A61ED5875A00FB9EE0 /* DaHuoGui.json */; };
		D6826AE01FBC104F0059400D /* UIImage+DPI.m in Sources */ = {isa = PBXBuildFile; fileRef = D6826ADF1FBC104F0059400D /* UIImage+DPI.m */; };
		D6826AE31FBC2DBC0059400D /* UIImage+QH.m in Sources */ = {isa = PBXBuildFile; fileRef = D6826AE21FBC2DBC0059400D /* UIImage+QH.m */; };
		D6B07AA41F0CD1AB00F0A377 /* BingGui.json in Resources */ = {isa = PBXBuildFile; fileRef = D6B07AA31F0CD1AB00F0A377 /* BingGui.json */; };
		D6B07AA61F0CE0F800F0A377 /* Assets.xcassets in Resources */ = {isa = PBXBuildFile; fileRef = D6B07AA51F0CE0F800F0A377 /* Assets.xcassets */; };
		D6D2AF841ED6A8DD00C687A6 /* LiuGongGe.json in Resources */ = {isa = PBXBuildFile; fileRef = D6D2AF831ED6A8DD00C687A6 /* LiuGongGe.json */; };
/* End PBXBuildFile section */

/* Begin PBXFileReference section */
		D673F1891ED57AC200FB9EE0 /* CreateQR.app */ = {isa = PBXFileReference; explicitFileType = wrapper.application; includeInIndex = 0; path = CreateQR.app; sourceTree = BUILT_PRODUCTS_DIR; };
		D673F18D1ED57AC200FB9EE0 /* main.m */ = {isa = PBXFileReference; lastKnownFileType = sourcecode.c.objc; path = main.m; sourceTree = "<group>"; };
		D673F18F1ED57AC200FB9EE0 /* AppDelegate.h */ = {isa = PBXFileReference; lastKnownFileType = sourcecode.c.h; path = AppDelegate.h; sourceTree = "<group>"; };
		D673F1901ED57AC200FB9EE0 /* AppDelegate.m */ = {isa = PBXFileReference; lastKnownFileType = sourcecode.c.objc; path = AppDelegate.m; sourceTree = "<group>"; };
		D673F1921ED57AC200FB9EE0 /* ViewController.h */ = {isa = PBXFileReference; lastKnownFileType = sourcecode.c.h; path = ViewController.h; sourceTree = "<group>"; };
		D673F1931ED57AC200FB9EE0 /* ViewController.m */ = {isa = PBXFileReference; lastKnownFileType = sourcecode.c.objc; path = ViewController.m; sourceTree = "<group>"; };
		D673F1961ED57AC200FB9EE0 /* Base */ = {isa = PBXFileReference; lastKnownFileType = file.storyboard; name = Base; path = Base.lproj/Main.storyboard; sourceTree = "<group>"; };
		D673F19B1ED57AC200FB9EE0 /* Base */ = {isa = PBXFileReference; lastKnownFileType = file.storyboard; name = Base; path = Base.lproj/LaunchScreen.storyboard; sourceTree = "<group>"; };
		D673F19D1ED57AC200FB9EE0 /* Info.plist */ = {isa = PBXFileReference; lastKnownFileType = text.plist.xml; path = Info.plist; sourceTree = "<group>"; };
		D673F1A31ED57B1100FB9EE0 /* UIImage+Category.h */ = {isa = PBXFileReference; fileEncoding = 4; lastKnownFileType = sourcecode.c.h; path = "UIImage+Category.h"; sourceTree = "<group>"; };
		D673F1A41ED57B1100FB9EE0 /* UIImage+Category.m */ = {isa = PBXFileReference; fileEncoding = 4; lastKnownFileType = sourcecode.c.objc; path = "UIImage+Category.m"; sourceTree = "<group>"; };
		D673F1A61ED5875A00FB9EE0 /* DaHuoGui.json */ = {isa = PBXFileReference; fileEncoding = 4; lastKnownFileType = text.json; path = DaHuoGui.json; sourceTree = "<group>"; };
		D6826ADE1FBC104F0059400D /* UIImage+DPI.h */ = {isa = PBXFileReference; fileEncoding = 4; lastKnownFileType = sourcecode.c.h; path = "UIImage+DPI.h"; sourceTree = "<group>"; };
		D6826ADF1FBC104F0059400D /* UIImage+DPI.m */ = {isa = PBXFileReference; fileEncoding = 4; lastKnownFileType = sourcecode.c.objc; path = "UIImage+DPI.m"; sourceTree = "<group>"; };
		D6826AE11FBC2DBC0059400D /* UIImage+QH.h */ = {isa = PBXFileReference; lastKnownFileType = sourcecode.c.h; path = "UIImage+QH.h"; sourceTree = "<group>"; };
		D6826AE21FBC2DBC0059400D /* UIImage+QH.m */ = {isa = PBXFileReference; lastKnownFileType = sourcecode.c.objc; path = "UIImage+QH.m"; sourceTree = "<group>"; };
		D6B07AA31F0CD1AB00F0A377 /* BingGui.json */ = {isa = PBXFileReference; fileEncoding = 4; lastKnownFileType = text.json; path = BingGui.json; sourceTree = "<group>"; };
		D6B07AA51F0CE0F800F0A377 /* Assets.xcassets */ = {isa = PBXFileReference; lastKnownFileType = folder.assetcatalog; path = Assets.xcassets; sourceTree = "<group>"; };
		D6D2AF831ED6A8DD00C687A6 /* LiuGongGe.json */ = {isa = PBXFileReference; fileEncoding = 4; lastKnownFileType = text.json; path = LiuGongGe.json; sourceTree = "<group>"; };
/* End PBXFileReference section */

/* Begin PBXFrameworksBuildPhase section */
		D673F1861ED57AC200FB9EE0 /* Frameworks */ = {
			isa = PBXFrameworksBuildPhase;
			buildActionMask = 2147483647;
			files = (
			);
			runOnlyForDeploymentPostprocessing = 0;
		};
/* End PBXFrameworksBuildPhase section */

/* Begin PBXGroup section */
		D673F1801ED57AC200FB9EE0 = {
			isa = PBXGroup;
			children = (
				D673F18B1ED57AC200FB9EE0 /* CreateQR */,
				D673F18A1ED57AC200FB9EE0 /* Products */,
			);
			sourceTree = "<group>";
		};
		D673F18A1ED57AC200FB9EE0 /* Products */ = {
			isa = PBXGroup;
			children = (
				D673F1891ED57AC200FB9EE0 /* CreateQR.app */,
			);
			name = Products;
			sourceTree = "<group>";
		};
		D673F18B1ED57AC200FB9EE0 /* CreateQR */ = {
			isa = PBXGroup;
			children = (
				D673F18F1ED57AC200FB9EE0 /* AppDelegate.h */,
				D673F1901ED57AC200FB9EE0 /* AppDelegate.m */,
				D673F1921ED57AC200FB9EE0 /* ViewController.h */,
				D673F1931ED57AC200FB9EE0 /* ViewController.m */,
				D673F1A61ED5875A00FB9EE0 /* DaHuoGui.json */,
				D6D2AF831ED6A8DD00C687A6 /* LiuGongGe.json */,
				D6B07AA31F0CD1AB00F0A377 /* BingGui.json */,
				D673F1A31ED57B1100FB9EE0 /* UIImage+Category.h */,
				D673F1A41ED57B1100FB9EE0 /* UIImage+Category.m */,
				D6826ADE1FBC104F0059400D /* UIImage+DPI.h */,
				D6826ADF1FBC104F0059400D /* UIImage+DPI.m */,
				D6826AE11FBC2DBC0059400D /* UIImage+QH.h */,
				D6826AE21FBC2DBC0059400D /* UIImage+QH.m */,
				D6B07AA51F0CE0F800F0A377 /* Assets.xcassets */,
				D673F1951ED57AC200FB9EE0 /* Main.storyboard */,
				D673F19A1ED57AC200FB9EE0 /* LaunchScreen.storyboard */,
				D673F19D1ED57AC200FB9EE0 /* Info.plist */,
				D673F18C1ED57AC200FB9EE0 /* Supporting Files */,
			);
			path = CreateQR;
			sourceTree = "<group>";
		};
		D673F18C1ED57AC200FB9EE0 /* Supporting Files */ = {
			isa = PBXGroup;
			children = (
				D673F18D1ED57AC200FB9EE0 /* main.m */,
			);
			name = "Supporting Files";
			sourceTree = "<group>";
		};
/* End PBXGroup section */

/* Begin PBXNativeTarget section */
		D673F1881ED57AC200FB9EE0 /* CreateQR */ = {
			isa = PBXNativeTarget;
			buildConfigurationList = D673F1A01ED57AC200FB9EE0 /* Build configuration list for PBXNativeTarget "CreateQR" */;
			buildPhases = (
				D673F1851ED57AC200FB9EE0 /* Sources */,
				D673F1861ED57AC200FB9EE0 /* Frameworks */,
				D673F1871ED57AC200FB9EE0 /* Resources */,
			);
			buildRules = (
			);
			dependencies = (
			);
			name = CreateQR;
			productName = CreateQR;
			productReference = D673F1891ED57AC200FB9EE0 /* CreateQR.app */;
			productType = "com.apple.product-type.application";
		};
/* End PBXNativeTarget section */

/* Begin PBXProject section */
		D673F1811ED57AC200FB9EE0 /* Project object */ = {
			isa = PBXProject;
			attributes = {
				LastUpgradeCheck = 0830;
				ORGANIZATIONNAME = white;
				TargetAttributes = {
					D673F1881ED57AC200FB9EE0 = {
						CreatedOnToolsVersion = 8.3.2;
						DevelopmentTeam = Q8JSQLM963;
						ProvisioningStyle = Automatic;
					};
				};
			};
			buildConfigurationList = D673F1841ED57AC200FB9EE0 /* Build configuration list for PBXProject "CreateQR" */;
			compatibilityVersion = "Xcode 3.2";
			developmentRegion = English;
			hasScannedForEncodings = 0;
			knownRegions = (
				en,
				Base,
			);
			mainGroup = D673F1801ED57AC200FB9EE0;
			productRefGroup = D673F18A1ED57AC200FB9EE0 /* Products */;
			projectDirPath = "";
			projectRoot = "";
			targets = (
				D673F1881ED57AC200FB9EE0 /* CreateQR */,
			);
		};
/* End PBXProject section */

/* Begin PBXResourcesBuildPhase section */
		D673F1871ED57AC200FB9EE0 /* Resources */ = {
			isa = PBXResourcesBuildPhase;
			buildActionMask = 2147483647;
			files = (
				D673F19C1ED57AC200FB9EE0 /* LaunchScreen.storyboard in Resources */,
				D673F1A71ED5875A00FB9EE0 /* DaHuoGui.json in Resources */,
				D6D2AF841ED6A8DD00C687A6 /* LiuGongGe.json in Resources */,
				D673F1971ED57AC200FB9EE0 /* Main.storyboard in Resources */,
				D6B07AA61F0CE0F800F0A377 /* Assets.xcassets in Resources */,
				D6B07AA41F0CD1AB00F0A377 /* BingGui.json in Resources */,
			);
			runOnlyForDeploymentPostprocessing = 0;
		};
/* End PBXResourcesBuildPhase section */

/* Begin PBXSourcesBuildPhase section */
		D673F1851ED57AC200FB9EE0 /* Sources */ = {
			isa = PBXSourcesBuildPhase;
			buildActionMask = 2147483647;
			files = (
				D673F1941ED57AC200FB9EE0 /* ViewController.m in Sources */,
				D673F1911ED57AC200FB9EE0 /* AppDelegate.m in Sources */,
				D6826AE31FBC2DBC0059400D /* UIImage+QH.m in Sources */,
				D673F18E1ED57AC200FB9EE0 /* main.m in Sources */,
				D6826AE01FBC104F0059400D /* UIImage+DPI.m in Sources */,
				D673F1A51ED57B1100FB9EE0 /* UIImage+Category.m in Sources */,
			);
			runOnlyForDeploymentPostprocessing = 0;
		};
/* End PBXSourcesBuildPhase section */

/* Begin PBXVariantGroup section */
		D673F1951ED57AC200FB9EE0 /* Main.storyboard */ = {
			isa = PBXVariantGroup;
			children = (
				D673F1961ED57AC200FB9EE0 /* Base */,
			);
			name = Main.storyboard;
			sourceTree = "<group>";
		};
		D673F19A1ED57AC200FB9EE0 /* LaunchScreen.storyboard */ = {
			isa = PBXVariantGroup;
			children = (
				D673F19B1ED57AC200FB9EE0 /* Base */,
			);
			name = LaunchScreen.storyboard;
			sourceTree = "<group>";
		};
/* End PBXVariantGroup section */

/* Begin XCBuildConfiguration section */
		D673F19E1ED57AC200FB9EE0 /* Debug */ = {
			isa = XCBuildConfiguration;
			buildSettings = {
				ALWAYS_SEARCH_USER_PATHS = NO;
				CLANG_ANALYZER_NONNULL = YES;
				CLANG_ANALYZER_NUMBER_OBJECT_CONVERSION = YES_AGGRESSIVE;
				CLANG_CXX_LANGUAGE_STANDARD = "gnu++0x";
				CLANG_CXX_LIBRARY = "libc++";
				CLANG_ENABLE_MODULES = YES;
				CLANG_ENABLE_OBJC_ARC = YES;
				CLANG_WARN_BOOL_CONVERSION = YES;
				CLANG_WARN_CONSTANT_CONVERSION = YES;
				CLANG_WARN_DIRECT_OBJC_ISA_USAGE = YES_ERROR;
				CLANG_WARN_DOCUMENTATION_COMMENTS = YES;
				CLANG_WARN_EMPTY_BODY = YES;
				CLANG_WARN_ENUM_CONVERSION = YES;
				CLANG_WARN_INFINITE_RECURSION = YES;
				CLANG_WARN_INT_CONVERSION = YES;
				CLANG_WARN_OBJC_ROOT_CLASS = YES_ERROR;
				CLANG_WARN_SUSPICIOUS_MOVE = YES;
				CLANG_WARN_UNREACHABLE_CODE = YES;
				CLANG_WARN__DUPLICATE_METHOD_MATCH = YES;
				"CODE_SIGN_IDENTITY[sdk=iphoneos*]" = "iPhone Developer";
				COPY_PHASE_STRIP = NO;
				DEBUG_INFORMATION_FORMAT = dwarf;
				ENABLE_STRICT_OBJC_MSGSEND = YES;
				ENABLE_TESTABILITY = YES;
				GCC_C_LANGUAGE_STANDARD = gnu99;
				GCC_DYNAMIC_NO_PIC = NO;
				GCC_NO_COMMON_BLOCKS = YES;
				GCC_OPTIMIZATION_LEVEL = 0;
				GCC_PREPROCESSOR_DEFINITIONS = (
					"DEBUG=1",
					"$(inherited)",
				);
				GCC_WARN_64_TO_32_BIT_CONVERSION = YES;
				GCC_WARN_ABOUT_RETURN_TYPE = YES_ERROR;
				GCC_WARN_UNDECLARED_SELECTOR = YES;
				GCC_WARN_UNINITIALIZED_AUTOS = YES_AGGRESSIVE;
				GCC_WARN_UNUSED_FUNCTION = YES;
				GCC_WARN_UNUSED_VARIABLE = YES;
				IPHONEOS_DEPLOYMENT_TARGET = 10.3;
				MTL_ENABLE_DEBUG_INFO = YES;
				ONLY_ACTIVE_ARCH = YES;
				SDKROOT = iphoneos;
				TARGETED_DEVICE_FAMILY = "1,2";
			};
			name = Debug;
		};
		D673F19F1ED57AC200FB9EE0 /* Release */ = {
			isa = XCBuildConfiguration;
			buildSettings = {
				ALWAYS_SEARCH_USER_PATHS = NO;
				CLANG_ANALYZER_NONNULL = YES;
				CLANG_ANALYZER_NUMBER_OBJECT_CONVERSION = YES_AGGRESSIVE;
				CLANG_CXX_LANGUAGE_STANDARD = "gnu++0x";
				CLANG_CXX_LIBRARY = "libc++";
				CLANG_ENABLE_MODULES = YES;
				CLANG_ENABLE_OBJC_ARC = YES;
				CLANG_WARN_BOOL_CONVERSION = YES;
				CLANG_WARN_CONSTANT_CONVERSION = YES;
				CLANG_WARN_DIRECT_OBJC_ISA_USAGE = YES_ERROR;
				CLANG_WARN_DOCUMENTATION_COMMENTS = YES;
				CLANG_WARN_EMPTY_BODY = YES;
				CLANG_WARN_ENUM_CONVERSION = YES;
				CLANG_WARN_INFINITE_RECURSION = YES;
				CLANG_WARN_INT_CONVERSION = YES;
				CLANG_WARN_OBJC_ROOT_CLASS = YES_ERROR;
				CLANG_WARN_SUSPICIOUS_MOVE = YES;
				CLANG_WARN_UNREACHABLE_CODE = YES;
				CLANG_WARN__DUPLICATE_METHOD_MATCH = YES;
				"CODE_SIGN_IDENTITY[sdk=iphoneos*]" = "iPhone Developer";
				COPY_PHASE_STRIP = NO;
				DEBUG_INFORMATION_FORMAT = "dwarf-with-dsym";
				ENABLE_NS_ASSERTIONS = NO;
				ENABLE_STRICT_OBJC_MSGSEND = YES;
				GCC_C_LANGUAGE_STANDARD = gnu99;
				GCC_NO_COMMON_BLOCKS = YES;
				GCC_WARN_64_TO_32_BIT_CONVERSION = YES;
				GCC_WARN_ABOUT_RETURN_TYPE = YES_ERROR;
				GCC_WARN_UNDECLARED_SELECTOR = YES;
				GCC_WARN_UNINITIALIZED_AUTOS = YES_AGGRESSIVE;
				GCC_WARN_UNUSED_FUNCTION = YES;
				GCC_WARN_UNUSED_VARIABLE = YES;
				IPHONEOS_DEPLOYMENT_TARGET = 10.3;
				MTL_ENABLE_DEBUG_INFO = NO;
				SDKROOT = iphoneos;
				TARGETED_DEVICE_FAMILY = "1,2";
				VALIDATE_PRODUCT = YES;
			};
			name = Release;
		};
		D673F1A11ED57AC200FB9EE0 /* Debug */ = {
			isa = XCBuildConfiguration;
			buildSettings = {
				ASSETCATALOG_COMPILER_APPICON_NAME = AppIcon;
				DEVELOPMENT_TEAM = Q8JSQLM963;
				INFOPLIST_FILE = CreateQR/Info.plist;
				LD_RUNPATH_SEARCH_PATHS = "$(inherited) @executable_path/Frameworks";
				PRODUCT_BUNDLE_IDENTIFIER = com.kkdl.CreateQR;
				PRODUCT_NAME = "$(TARGET_NAME)";
			};
			name = Debug;
		};
		D673F1A21ED57AC200FB9EE0 /* Release */ = {
			isa = XCBuildConfiguration;
			buildSettings = {
				ASSETCATALOG_COMPILER_APPICON_NAME = AppIcon;
				DEVELOPMENT_TEAM = Q8JSQLM963;
				INFOPLIST_FILE = CreateQR/Info.plist;
				LD_RUNPATH_SEARCH_PATHS = "$(inherited) @executable_path/Frameworks";
				PRODUCT_BUNDLE_IDENTIFIER = com.kkdl.CreateQR;
				PRODUCT_NAME = "$(TARGET_NAME)";
			};
			name = Release;
		};
/* End XCBuildConfiguration section */

/* Begin XCConfigurationList section */
		D673F1841ED57AC200FB9EE0 /* Build configuration list for PBXProject "CreateQR" */ = {
			isa = XCConfigurationList;
			buildConfigurations = (
				D673F19E1ED57AC200FB9EE0 /* Debug */,
				D673F19F1ED57AC200FB9EE0 /* Release */,
			);
			defaultConfigurationIsVisible = 0;
			defaultConfigurationName = Release;
		};
		D673F1A01ED57AC200FB9EE0 /* Build configuration list for PBXNativeTarget "CreateQR" */ = {
			isa = XCConfigurationList;
			buildConfigurations = (
				D673F1A11ED57AC200FB9EE0 /* Debug */,
				D673F1A21ED57AC200FB9EE0 /* Release */,
			);
			defaultConfigurationIsVisible = 0;
			defaultConfigurationName = Release;
		};
/* End XCConfigurationList section */
	};
	rootObject = D673F1811ED57AC200FB9EE0 /* Project object */;
}
